
Microsoft Visual Studio Solution File, Format Version 12.00
# Visual Studio Version 17
VisualStudioVersion = 17.8.34330.188
MinimumVisualStudioVersion = 10.0.40219.1
Project("{FAE04EC0-301F-11D3-BF4B-00C04F79EFBC}") = "UltraPaceCalculator", "UltraPaceCalculator.csproj", "{6181585B-29EC-4BE9-AD85-47EC1749AF81}"
EndProject
Global
	GlobalSection(SolutionConfigurationPlatforms) = preSolution
		Debug|Any CPU = Debug|Any CPU
		Release|Any CPU = Release|Any CPU
	EndGlobalSection
	GlobalSection(ProjectConfigurationPlatforms) = postSolution
		{6181585B-29EC-4BE9-AD85-47EC1749AF81}.Debug|Any CPU.ActiveCfg = Debug|Any CPU
		{6181585B-29EC-4BE9-AD85-47EC1749AF81}.Debug|Any CPU.Build.0 = Debug|Any CPU
		{6181585B-29EC-4BE9-AD85-47EC1749AF81}.Release|Any CPU.ActiveCfg = Release|Any CPU
		{6181585B-29EC-4BE9-AD85-47EC1749AF81}.Release|Any CPU.Build.0 = Release|Any CPU
	EndGlobalSection
	GlobalSection(SolutionProperties) = preSolution
		HideSolutionNode = FALSE
	EndGlobalSection
	GlobalSection(ExtensibilityGlobals) = postSolution
		SolutionGuid = {6346CDBA-AE45-443E-B06B-9C65FEE0BDA9}
	EndGlobalSection
EndGlobal
